
Microsoft Visual Studio Solution File, Format Version 12.00
# Visual Studio 15
VisualStudioVersion = 15.0.28307.329
MinimumVisualStudioVersion = 10.0.40219.1
Project("{FAE04EC0-301F-11D3-BF4B-00C04F79EFBC}") = "pass-photo", "pass-photo\pass-photo.csproj", "{37C8D650-0804-4203-9873-6BAB06E47389}"
EndProject
Global
	GlobalSection(SolutionConfigurationPlatforms) = preSolution
		Debug|Any CPU = Debug|Any CPU
		Release|Any CPU = Release|Any CPU
	EndGlobalSection
	GlobalSection(ProjectConfigurationPlatforms) = postSolution
		{37C8D650-0804-4203-9873-6BAB06E47389}.Debug|Any CPU.ActiveCfg = Debug|Any CPU
		{37C8D650-0804-4203-9873-6BAB06E47389}.Debug|Any CPU.Build.0 = Debug|Any CPU
		{37C8D650-0804-4203-9873-6BAB06E47389}.Release|Any CPU.ActiveCfg = Release|Any CPU
		{37C8D650-0804-4203-9873-6BAB06E47389}.Release|Any CPU.Build.0 = Release|Any CPU
	EndGlobalSection
	GlobalSection(SolutionProperties) = preSolution
		HideSolutionNode = FALSE
	EndGlobalSection
	GlobalSection(ExtensibilityGlobals) = postSolution
		SolutionGuid = {9D410503-C9C8-49EB-90EB-A08DD362069A}
	EndGlobalSection
EndGlobal
